
Microsoft Visual Studio Solution File, Format Version 12.00
# Visual Studio Version 16
VisualStudioVersion = 16.0.31729.503
MinimumVisualStudioVersion = 10.0.40219.1
Project("{FAE04EC0-301F-11D3-BF4B-00C04F79EFBC}") = "Person编辑", "Person编辑\Person编辑.csproj", "{3A2A4B67-22A8-4162-9335-BD4896EF479E}"
EndProject
Global
	GlobalSection(SolutionConfigurationPlatforms) = preSolution
		Debug|Any CPU = Debug|Any CPU
		Release|Any CPU = Release|Any CPU
	EndGlobalSection
	GlobalSection(ProjectConfigurationPlatforms) = postSolution
		{3A2A4B67-22A8-4162-9335-BD4896EF479E}.Debug|Any CPU.ActiveCfg = Debug|Any CPU
		{3A2A4B67-22A8-4162-9335-BD4896EF479E}.Debug|Any CPU.Build.0 = Debug|Any CPU
		{3A2A4B67-22A8-4162-9335-BD4896EF479E}.Release|Any CPU.ActiveCfg = Release|Any CPU
		{3A2A4B67-22A8-4162-9335-BD4896EF479E}.Release|Any CPU.Build.0 = Release|Any CPU
	EndGlobalSection
	GlobalSection(SolutionProperties) = preSolution
		HideSolutionNode = FALSE
	EndGlobalSection
	GlobalSection(ExtensibilityGlobals) = postSolution
		SolutionGuid = {8F0C6D20-7C16-4C5B-AC31-288EF2A76F16}
	EndGlobalSection
EndGlobal
